// !$*UTF8*$!
{
	archiveVersion = 1;
	classes = {
	};
	objectVersion = 55;
	objects = {

/* Begin PBXBuildFile section */
		1C0DEC8F2879B6410071BEC7 /* ChebravoTests.swift in Sources */ = {isa = PBXBuildFile; fileRef = 1C0DEC8E2879B6410071BEC7 /* ChebravoTests.swift */; };
		1C0DEC962879B71D0071BEC7 /* ContextControllerTest.swift in Sources */ = {isa = PBXBuildFile; fileRef = 1C0DEC952879B71D0071BEC7 /* ContextControllerTest.swift */; };
		1C207C842869F89A00847EB2 /* CoreDataController.swift in Sources */ = {isa = PBXBuildFile; fileRef = 1C207C832869F89A00847EB2 /* CoreDataController.swift */; };
		1C207C872869FAA300847EB2 /* ContextController.swift in Sources */ = {isa = PBXBuildFile; fileRef = 1C207C862869FAA300847EB2 /* ContextController.swift */; };
		1C401EFC286F8AF400827BFB /* WordComponents.swift in Sources */ = {isa = PBXBuildFile; fileRef = 1C401EFB286F8AF400827BFB /* WordComponents.swift */; };
		1C401EFE286F8FAB00827BFB /* VerbViewSettings.swift in Sources */ = {isa = PBXBuildFile; fileRef = 1C401EFD286F8FAB00827BFB /* VerbViewSettings.swift */; };
		1C5C6AF92868789300609B38 /* SplashView.swift in Sources */ = {isa = PBXBuildFile; fileRef = 1C5C6AF82868789300609B38 /* SplashView.swift */; };
		1C6FDD47288C6BBE001A41E0 /* LearnNumbers.swift in Sources */ = {isa = PBXBuildFile; fileRef = 1C6FDD46288C6BBE001A41E0 /* LearnNumbers.swift */; };
		1C6FDD49288C6BCC001A41E0 /* ILearning.swift in Sources */ = {isa = PBXBuildFile; fileRef = 1C6FDD48288C6BCC001A41E0 /* ILearning.swift */; };
		1C79585428A6E188008BBC36 /* Tre.m4a in Resources */ = {isa = PBXBuildFile; fileRef = 1C79585028A6E188008BBC36 /* Tre.m4a */; };
		1C79585628A6E188008BBC36 /* Due.m4a in Resources */ = {isa = PBXBuildFile; fileRef = 1C79585228A6E188008BBC36 /* Due.m4a */; };
		1C79585728A6E188008BBC36 /* Uno.m4a in Resources */ = {isa = PBXBuildFile; fileRef = 1C79585328A6E188008BBC36 /* Uno.m4a */; };
		1C807443288BF8A000E44F49 /* SettingsView.swift in Sources */ = {isa = PBXBuildFile; fileRef = 1C807442288BF8A000E44F49 /* SettingsView.swift */; };
		1C82617D28A6DC3600F77977 /* AudioController.swift in Sources */ = {isa = PBXBuildFile; fileRef = 1C82617C28A6DC3600F77977 /* AudioController.swift */; };
		1C99542728689C6700C6B839 /* AllWords.swift in Sources */ = {isa = PBXBuildFile; fileRef = 1C99542628689C6700C6B839 /* AllWords.swift */; };
		1C99542928689E3100C6B839 /* VerbView.swift in Sources */ = {isa = PBXBuildFile; fileRef = 1C99542828689E3100C6B839 /* VerbView.swift */; };
		1C9CB422286C20090082ECB8 /* Extensions.swift in Sources */ = {isa = PBXBuildFile; fileRef = 1C9CB421286C20090082ECB8 /* Extensions.swift */; };
		1CA9FE5E28B02F580066A8A2 /* 60.mp3 in Resources */ = {isa = PBXBuildFile; fileRef = 1CA9FE3328B02F570066A8A2 /* 60.mp3 */; };
		1CA9FE5F28B02F580066A8A2 /* 11.mp3 in Resources */ = {isa = PBXBuildFile; fileRef = 1CA9FE3428B02F570066A8A2 /* 11.mp3 */; };
		1CA9FE6028B02F580066A8A2 /* 5.mp3 in Resources */ = {isa = PBXBuildFile; fileRef = 1CA9FE3528B02F570066A8A2 /* 5.mp3 */; };
		1CA9FE6128B02F580066A8A2 /* 30.mp3 in Resources */ = {isa = PBXBuildFile; fileRef = 1CA9FE3628B02F570066A8A2 /* 30.mp3 */; };
		1CA9FE6228B02F580066A8A2 /* 12.mp3 in Resources */ = {isa = PBXBuildFile; fileRef = 1CA9FE3728B02F570066A8A2 /* 12.mp3 */; };
		1CA9FE6328B02F580066A8A2 /* 3.mp3 in Resources */ = {isa = PBXBuildFile; fileRef = 1CA9FE3828B02F570066A8A2 /* 3.mp3 */; };
		1CA9FE6428B02F580066A8A2 /* 1.mp3 in Resources */ = {isa = PBXBuildFile; fileRef = 1CA9FE3928B02F570066A8A2 /* 1.mp3 */; };
		1CA9FE6528B02F580066A8A2 /* 22.mp3 in Resources */ = {isa = PBXBuildFile; fileRef = 1CA9FE3A28B02F570066A8A2 /* 22.mp3 */; };
		1CA9FE6628B02F580066A8A2 /* 7.mp3 in Resources */ = {isa = PBXBuildFile; fileRef = 1CA9FE3B28B02F570066A8A2 /* 7.mp3 */; };
		1CA9FE6728B02F580066A8A2 /* 26.mp3 in Resources */ = {isa = PBXBuildFile; fileRef = 1CA9FE3C28B02F570066A8A2 /* 26.mp3 */; };
		1CA9FE6928B02F580066A8A2 /* 2.mp3 in Resources */ = {isa = PBXBuildFile; fileRef = 1CA9FE3E28B02F570066A8A2 /* 2.mp3 */; };
		1CA9FE6A28B02F580066A8A2 /* 21.mp3 in Resources */ = {isa = PBXBuildFile; fileRef = 1CA9FE3F28B02F570066A8A2 /* 21.mp3 */; };
		1CA9FE6B28B02F580066A8A2 /* 24.mp3 in Resources */ = {isa = PBXBuildFile; fileRef = 1CA9FE4028B02F570066A8A2 /* 24.mp3 */; };
		1CA9FE6C28B02F580066A8A2 /* 70.mp3 in Resources */ = {isa = PBXBuildFile; fileRef = 1CA9FE4128B02F570066A8A2 /* 70.mp3 */; };
		1CA9FE6D28B02F580066A8A2 /* 100.mp3 in Resources */ = {isa = PBXBuildFile; fileRef = 1CA9FE4228B02F570066A8A2 /* 100.mp3 */; };
		1CA9FE6E28B02F580066A8A2 /* 9.mp3 in Resources */ = {isa = PBXBuildFile; fileRef = 1CA9FE4328B02F570066A8A2 /* 9.mp3 */; };
		1CA9FE6F28B02F580066A8A2 /* 6.mp3 in Resources */ = {isa = PBXBuildFile; fileRef = 1CA9FE4428B02F570066A8A2 /* 6.mp3 */; };
		1CA9FE7028B02F580066A8A2 /* 19.mp3 in Resources */ = {isa = PBXBuildFile; fileRef = 1CA9FE4528B02F570066A8A2 /* 19.mp3 */; };
		1CA9FE7128B02F580066A8A2 /* 28.mp3 in Resources */ = {isa = PBXBuildFile; fileRef = 1CA9FE4628B02F570066A8A2 /* 28.mp3 */; };
		1CA9FE7228B02F580066A8A2 /* 29.mp3 in Resources */ = {isa = PBXBuildFile; fileRef = 1CA9FE4728B02F570066A8A2 /* 29.mp3 */; };
		1CA9FE7328B02F580066A8A2 /* 17.mp3 in Resources */ = {isa = PBXBuildFile; fileRef = 1CA9FE4828B02F580066A8A2 /* 17.mp3 */; };
		1CA9FE7428B02F580066A8A2 /* 10.mp3 in Resources */ = {isa = PBXBuildFile; fileRef = 1CA9FE4928B02F580066A8A2 /* 10.mp3 */; };
		1CA9FE7528B02F580066A8A2 /* 90.mp3 in Resources */ = {isa = PBXBuildFile; fileRef = 1CA9FE4A28B02F580066A8A2 /* 90.mp3 */; };
		1CA9FE7628B02F580066A8A2 /* 2000.mp3 in Resources */ = {isa = PBXBuildFile; fileRef = 1CA9FE4B28B02F580066A8A2 /* 2000.mp3 */; };
		1CA9FE7728B02F580066A8A2 /* 8.mp3 in Resources */ = {isa = PBXBuildFile; fileRef = 1CA9FE4C28B02F580066A8A2 /* 8.mp3 */; };
		1CA9FE7828B02F580066A8A2 /* 16.mp3 in Resources */ = {isa = PBXBuildFile; fileRef = 1CA9FE4D28B02F580066A8A2 /* 16.mp3 */; };
		1CA9FE7928B02F580066A8A2 /* 23.mp3 in Resources */ = {isa = PBXBuildFile; fileRef = 1CA9FE4E28B02F580066A8A2 /* 23.mp3 */; };
		1CA9FE7A28B02F580066A8A2 /* 15.mp3 in Resources */ = {isa = PBXBuildFile; fileRef = 1CA9FE4F28B02F580066A8A2 /* 15.mp3 */; };
		1CA9FE7B28B02F580066A8A2 /* 4.mp3 in Resources */ = {isa = PBXBuildFile; fileRef = 1CA9FE5028B02F580066A8A2 /* 4.mp3 */; };
		1CA9FE7C28B02F580066A8A2 /* 1mil.mp3 in Resources */ = {isa = PBXBuildFile; fileRef = 1CA9FE5128B02F580066A8A2 /* 1mil.mp3 */; };
		1CA9FE7E28B02F580066A8A2 /* 18.mp3 in Resources */ = {isa = PBXBuildFile; fileRef = 1CA9FE5328B02F580066A8A2 /* 18.mp3 */; };
		1CA9FE7F28B02F580066A8A2 /* 1000.mp3 in Resources */ = {isa = PBXBuildFile; fileRef = 1CA9FE5428B02F580066A8A2 /* 1000.mp3 */; };
		1CA9FE8128B02F580066A8A2 /* 13.mp3 in Resources */ = {isa = PBXBuildFile; fileRef = 1CA9FE5628B02F580066A8A2 /* 13.mp3 */; };
		1CA9FE8228B02F580066A8A2 /* 80.mp3 in Resources */ = {isa = PBXBuildFile; fileRef = 1CA9FE5728B02F580066A8A2 /* 80.mp3 */; };
		1CA9FE8328B02F580066A8A2 /* 14.mp3 in Resources */ = {isa = PBXBuildFile; fileRef = 1CA9FE5828B02F580066A8A2 /* 14.mp3 */; };
		1CA9FE8428B02F580066A8A2 /* 20.mp3 in Resources */ = {isa = PBXBuildFile; fileRef = 1CA9FE5928B02F580066A8A2 /* 20.mp3 */; };
		1CA9FE8528B02F580066A8A2 /* 25.mp3 in Resources */ = {isa = PBXBuildFile; fileRef = 1CA9FE5A28B02F580066A8A2 /* 25.mp3 */; };
		1CA9FE8628B02F580066A8A2 /* 50.mp3 in Resources */ = {isa = PBXBuildFile; fileRef = 1CA9FE5B28B02F580066A8A2 /* 50.mp3 */; };
		1CA9FE8728B02F580066A8A2 /* 27.mp3 in Resources */ = {isa = PBXBuildFile; fileRef = 1CA9FE5C28B02F580066A8A2 /* 27.mp3 */; };
		1CA9FE8828B02F580066A8A2 /* 40.mp3 in Resources */ = {isa = PBXBuildFile; fileRef = 1CA9FE5D28B02F580066A8A2 /* 40.mp3 */; };
		1CAEE4A52870DAE0007CAD1F /* TranslationController.swift in Sources */ = {isa = PBXBuildFile; fileRef = 1CAEE4A42870DAE0007CAD1F /* TranslationController.swift */; };
		1CAEE4A72870DEA2007CAD1F /* APIKey.swift in Sources */ = {isa = PBXBuildFile; fileRef = 1CAEE4A62870DEA2007CAD1F /* APIKey.swift */; };
		1CAEE4A92870F0F9007CAD1F /* TranslationResponse.swift in Sources */ = {isa = PBXBuildFile; fileRef = 1CAEE4A82870F0F9007CAD1F /* TranslationResponse.swift */; };
		1CBA3A3D288AE0F400777ADB /* ViewRouterController.swift in Sources */ = {isa = PBXBuildFile; fileRef = 1CBA3A3C288AE0F400777ADB /* ViewRouterController.swift */; };
		1CBA3A3F288AE23E00777ADB /* NavigationBarView.swift in Sources */ = {isa = PBXBuildFile; fileRef = 1CBA3A3E288AE23E00777ADB /* NavigationBarView.swift */; };
		1CBA3A41288AE2FD00777ADB /* LearnView.swift in Sources */ = {isa = PBXBuildFile; fileRef = 1CBA3A40288AE2FD00777ADB /* LearnView.swift */; };
		1CBA3A43288AE32800777ADB /* AllExamples.swift in Sources */ = {isa = PBXBuildFile; fileRef = 1CBA3A42288AE32800777ADB /* AllExamples.swift */; };
		1CBA3A45288AE67800777ADB /* TutorialView.swift in Sources */ = {isa = PBXBuildFile; fileRef = 1CBA3A44288AE67800777ADB /* TutorialView.swift */; };
		1CBA3A47288AE78700777ADB /* NagivationBarIconView.swift in Sources */ = {isa = PBXBuildFile; fileRef = 1CBA3A46288AE78700777ADB /* NagivationBarIconView.swift */; };
		1CCBACEF28AE871A00D3924F /* TranslationControllerTest.swift in Sources */ = {isa = PBXBuildFile; fileRef = 1CCBACEE28AE871A00D3924F /* TranslationControllerTest.swift */; };
		1CCDE84D28A56BFE0052037C /* LearnArticles.swift in Sources */ = {isa = PBXBuildFile; fileRef = 1CCDE84C28A56BFE0052037C /* LearnArticles.swift */; };
		1CD36C6128B2314000653348 /* 0.mp3 in Resources */ = {isa = PBXBuildFile; fileRef = 1CD36C6028B2314000653348 /* 0.mp3 */; };
		1CD36C6328B236B700653348 /* AddNewExampleView.swift in Sources */ = {isa = PBXBuildFile; fileRef = 1CD36C6228B236B700653348 /* AddNewExampleView.swift */; };
		1CD36C6528B2415000653348 /* ExampleView.swift in Sources */ = {isa = PBXBuildFile; fileRef = 1CD36C6428B2415000653348 /* ExampleView.swift */; };
		1CE739A72867053100148371 /* ChebravoApp.swift in Sources */ = {isa = PBXBuildFile; fileRef = 1CE739A62867053100148371 /* ChebravoApp.swift */; };
		1CE739AB2867053200148371 /* Assets.xcassets in Resources */ = {isa = PBXBuildFile; fileRef = 1CE739AA2867053200148371 /* Assets.xcassets */; };
		1CE739AE2867053200148371 /* Preview Assets.xcassets in Resources */ = {isa = PBXBuildFile; fileRef = 1CE739AD2867053200148371 /* Preview Assets.xcassets */; };
		1CF6AD8E2868BA97008BA670 /* WordCore.xcdatamodeld in Sources */ = {isa = PBXBuildFile; fileRef = 1CF6AD8C2868BA97008BA670 /* WordCore.xcdatamodeld */; };
/* End PBXBuildFile section */

/* Begin PBXContainerItemProxy section */
		1C0DEC902879B6410071BEC7 /* PBXContainerItemProxy */ = {
			isa = PBXContainerItemProxy;
			containerPortal = 1CE7399B2867053100148371 /* Project object */;
			proxyType = 1;
			remoteGlobalIDString = 1CE739A22867053100148371;
			remoteInfo = Chebravo;
		};
/* End PBXContainerItemProxy section */

/* Begin PBXFileReference section */
		1C0DEC8C2879B6410071BEC7 /* ChebravoTests.xctest */ = {isa = PBXFileReference; explicitFileType = wrapper.cfbundle; includeInIndex = 0; path = ChebravoTests.xctest; sourceTree = BUILT_PRODUCTS_DIR; };
		1C0DEC8E2879B6410071BEC7 /* ChebravoTests.swift */ = {isa = PBXFileReference; lastKnownFileType = sourcecode.swift; path = ChebravoTests.swift; sourceTree = "<group>"; };
		1C0DEC952879B71D0071BEC7 /* ContextControllerTest.swift */ = {isa = PBXFileReference; lastKnownFileType = sourcecode.swift; path = ContextControllerTest.swift; sourceTree = "<group>"; };
		1C207C832869F89A00847EB2 /* CoreDataController.swift */ = {isa = PBXFileReference; lastKnownFileType = sourcecode.swift; path = CoreDataController.swift; sourceTree = "<group>"; };
		1C207C862869FAA300847EB2 /* ContextController.swift */ = {isa = PBXFileReference; lastKnownFileType = sourcecode.swift; path = ContextController.swift; sourceTree = "<group>"; };
		1C401EFB286F8AF400827BFB /* WordComponents.swift */ = {isa = PBXFileReference; lastKnownFileType = sourcecode.swift; path = WordComponents.swift; sourceTree = "<group>"; };
		1C401EFD286F8FAB00827BFB /* VerbViewSettings.swift */ = {isa = PBXFileReference; lastKnownFileType = sourcecode.swift; path = VerbViewSettings.swift; sourceTree = "<group>"; };
		1C5C6AF82868789300609B38 /* SplashView.swift */ = {isa = PBXFileReference; lastKnownFileType = sourcecode.swift; path = SplashView.swift; sourceTree = "<group>"; };
		1C6FDD46288C6BBE001A41E0 /* LearnNumbers.swift */ = {isa = PBXFileReference; lastKnownFileType = sourcecode.swift; path = LearnNumbers.swift; sourceTree = "<group>"; };
		1C6FDD48288C6BCC001A41E0 /* ILearning.swift */ = {isa = PBXFileReference; lastKnownFileType = sourcecode.swift; path = ILearning.swift; sourceTree = "<group>"; };
		1C79585028A6E188008BBC36 /* Tre.m4a */ = {isa = PBXFileReference; lastKnownFileType = file; path = Tre.m4a; sourceTree = "<group>"; };
		1C79585228A6E188008BBC36 /* Due.m4a */ = {isa = PBXFileReference; lastKnownFileType = file; path = Due.m4a; sourceTree = "<group>"; };
		1C79585328A6E188008BBC36 /* Uno.m4a */ = {isa = PBXFileReference; lastKnownFileType = file; path = Uno.m4a; sourceTree = "<group>"; };
		1C807442288BF8A000E44F49 /* SettingsView.swift */ = {isa = PBXFileReference; lastKnownFileType = sourcecode.swift; path = SettingsView.swift; sourceTree = "<group>"; };
		1C82617C28A6DC3600F77977 /* AudioController.swift */ = {isa = PBXFileReference; lastKnownFileType = sourcecode.swift; path = AudioController.swift; sourceTree = "<group>"; };
		1C99542628689C6700C6B839 /* AllWords.swift */ = {isa = PBXFileReference; lastKnownFileType = sourcecode.swift; path = AllWords.swift; sourceTree = "<group>"; };
		1C99542828689E3100C6B839 /* VerbView.swift */ = {isa = PBXFileReference; lastKnownFileType = sourcecode.swift; path = VerbView.swift; sourceTree = "<group>"; };
		1C9CB421286C20090082ECB8 /* Extensions.swift */ = {isa = PBXFileReference; lastKnownFileType = sourcecode.swift; path = Extensions.swift; sourceTree = "<group>"; };
		1CA9FE3328B02F570066A8A2 /* 60.mp3 */ = {isa = PBXFileReference; lastKnownFileType = audio.mp3; path = 60.mp3; sourceTree = "<group>"; };
		1CA9FE3428B02F570066A8A2 /* 11.mp3 */ = {isa = PBXFileReference; lastKnownFileType = audio.mp3; path = 11.mp3; sourceTree = "<group>"; };
		1CA9FE3528B02F570066A8A2 /* 5.mp3 */ = {isa = PBXFileReference; lastKnownFileType = audio.mp3; path = 5.mp3; sourceTree = "<group>"; };
		1CA9FE3628B02F570066A8A2 /* 30.mp3 */ = {isa = PBXFileReference; lastKnownFileType = audio.mp3; path = 30.mp3; sourceTree = "<group>"; };
		1CA9FE3728B02F570066A8A2 /* 12.mp3 */ = {isa = PBXFileReference; lastKnownFileType = audio.mp3; path = 12.mp3; sourceTree = "<group>"; };
		1CA9FE3828B02F570066A8A2 /* 3.mp3 */ = {isa = PBXFileReference; lastKnownFileType = audio.mp3; path = 3.mp3; sourceTree = "<group>"; };
		1CA9FE3928B02F570066A8A2 /* 1.mp3 */ = {isa = PBXFileReference; lastKnownFileType = audio.mp3; path = 1.mp3; sourceTree = "<group>"; };
		1CA9FE3A28B02F570066A8A2 /* 22.mp3 */ = {isa = PBXFileReference; lastKnownFileType = audio.mp3; path = 22.mp3; sourceTree = "<group>"; };
		1CA9FE3B28B02F570066A8A2 /* 7.mp3 */ = {isa = PBXFileReference; lastKnownFileType = audio.mp3; path = 7.mp3; sourceTree = "<group>"; };
		1CA9FE3C28B02F570066A8A2 /* 26.mp3 */ = {isa = PBXFileReference; lastKnownFileType = audio.mp3; path = 26.mp3; sourceTree = "<group>"; };
		1CA9FE3E28B02F570066A8A2 /* 2.mp3 */ = {isa = PBXFileReference; lastKnownFileType = audio.mp3; path = 2.mp3; sourceTree = "<group>"; };
		1CA9FE3F28B02F570066A8A2 /* 21.mp3 */ = {isa = PBXFileReference; lastKnownFileType = audio.mp3; path = 21.mp3; sourceTree = "<group>"; };
		1CA9FE4028B02F570066A8A2 /* 24.mp3 */ = {isa = PBXFileReference; lastKnownFileType = audio.mp3; path = 24.mp3; sourceTree = "<group>"; };
		1CA9FE4128B02F570066A8A2 /* 70.mp3 */ = {isa = PBXFileReference; lastKnownFileType = audio.mp3; path = 70.mp3; sourceTree = "<group>"; };
		1CA9FE4228B02F570066A8A2 /* 100.mp3 */ = {isa = PBXFileReference; lastKnownFileType = audio.mp3; path = 100.mp3; sourceTree = "<group>"; };
		1CA9FE4328B02F570066A8A2 /* 9.mp3 */ = {isa = PBXFileReference; lastKnownFileType = audio.mp3; path = 9.mp3; sourceTree = "<group>"; };
		1CA9FE4428B02F570066A8A2 /* 6.mp3 */ = {isa = PBXFileReference; lastKnownFileType = audio.mp3; path = 6.mp3; sourceTree = "<group>"; };
		1CA9FE4528B02F570066A8A2 /* 19.mp3 */ = {isa = PBXFileReference; lastKnownFileType = audio.mp3; path = 19.mp3; sourceTree = "<group>"; };
		1CA9FE4628B02F570066A8A2 /* 28.mp3 */ = {isa = PBXFileReference; lastKnownFileType = audio.mp3; path = 28.mp3; sourceTree = "<group>"; };
		1CA9FE4728B02F570066A8A2 /* 29.mp3 */ = {isa = PBXFileReference; lastKnownFileType = audio.mp3; path = 29.mp3; sourceTree = "<group>"; };
		1CA9FE4828B02F580066A8A2 /* 17.mp3 */ = {isa = PBXFileReference; lastKnownFileType = audio.mp3; path = 17.mp3; sourceTree = "<group>"; };
		1CA9FE4928B02F580066A8A2 /* 10.mp3 */ = {isa = PBXFileReference; lastKnownFileType = audio.mp3; path = 10.mp3; sourceTree = "<group>"; };
		1CA9FE4A28B02F580066A8A2 /* 90.mp3 */ = {isa = PBXFileReference; lastKnownFileType = audio.mp3; path = 90.mp3; sourceTree = "<group>"; };
		1CA9FE4B28B02F580066A8A2 /* 2000.mp3 */ = {isa = PBXFileReference; lastKnownFileType = audio.mp3; path = 2000.mp3; sourceTree = "<group>"; };
		1CA9FE4C28B02F580066A8A2 /* 8.mp3 */ = {isa = PBXFileReference; lastKnownFileType = audio.mp3; path = 8.mp3; sourceTree = "<group>"; };
		1CA9FE4D28B02F580066A8A2 /* 16.mp3 */ = {isa = PBXFileReference; lastKnownFileType = audio.mp3; path = 16.mp3; sourceTree = "<group>"; };
		1CA9FE4E28B02F580066A8A2 /* 23.mp3 */ = {isa = PBXFileReference; lastKnownFileType = audio.mp3; path = 23.mp3; sourceTree = "<group>"; };
		1CA9FE4F28B02F580066A8A2 /* 15.mp3 */ = {isa = PBXFileReference; lastKnownFileType = audio.mp3; path = 15.mp3; sourceTree = "<group>"; };
		1CA9FE5028B02F580066A8A2 /* 4.mp3 */ = {isa = PBXFileReference; lastKnownFileType = audio.mp3; path = 4.mp3; sourceTree = "<group>"; };
		1CA9FE5128B02F580066A8A2 /* 1mil.mp3 */ = {isa = PBXFileReference; lastKnownFileType = audio.mp3; path = 1mil.mp3; sourceTree = "<group>"; };
		1CA9FE5328B02F580066A8A2 /* 18.mp3 */ = {isa = PBXFileReference; lastKnownFileType = audio.mp3; path = 18.mp3; sourceTree = "<group>"; };
		1CA9FE5428B02F580066A8A2 /* 1000.mp3 */ = {isa = PBXFileReference; lastKnownFileType = audio.mp3; path = 1000.mp3; sourceTree = "<group>"; };
		1CA9FE5628B02F580066A8A2 /* 13.mp3 */ = {isa = PBXFileReference; lastKnownFileType = audio.mp3; path = 13.mp3; sourceTree = "<group>"; };
		1CA9FE5728B02F580066A8A2 /* 80.mp3 */ = {isa = PBXFileReference; lastKnownFileType = audio.mp3; path = 80.mp3; sourceTree = "<group>"; };
		1CA9FE5828B02F580066A8A2 /* 14.mp3 */ = {isa = PBXFileReference; lastKnownFileType = audio.mp3; path = 14.mp3; sourceTree = "<group>"; };
		1CA9FE5928B02F580066A8A2 /* 20.mp3 */ = {isa = PBXFileReference; lastKnownFileType = audio.mp3; path = 20.mp3; sourceTree = "<group>"; };
		1CA9FE5A28B02F580066A8A2 /* 25.mp3 */ = {isa = PBXFileReference; lastKnownFileType = audio.mp3; path = 25.mp3; sourceTree = "<group>"; };
		1CA9FE5B28B02F580066A8A2 /* 50.mp3 */ = {isa = PBXFileReference; lastKnownFileType = audio.mp3; path = 50.mp3; sourceTree = "<group>"; };
		1CA9FE5C28B02F580066A8A2 /* 27.mp3 */ = {isa = PBXFileReference; lastKnownFileType = audio.mp3; path = 27.mp3; sourceTree = "<group>"; };
		1CA9FE5D28B02F580066A8A2 /* 40.mp3 */ = {isa = PBXFileReference; lastKnownFileType = audio.mp3; path = 40.mp3; sourceTree = "<group>"; };
		1CAEE4A42870DAE0007CAD1F /* TranslationController.swift */ = {isa = PBXFileReference; lastKnownFileType = sourcecode.swift; path = TranslationController.swift; sourceTree = "<group>"; };
		1CAEE4A62870DEA2007CAD1F /* APIKey.swift */ = {isa = PBXFileReference; lastKnownFileType = sourcecode.swift; path = APIKey.swift; sourceTree = "<group>"; };
		1CAEE4A82870F0F9007CAD1F /* TranslationResponse.swift */ = {isa = PBXFileReference; lastKnownFileType = sourcecode.swift; path = TranslationResponse.swift; sourceTree = "<group>"; };
		1CBA3A3C288AE0F400777ADB /* ViewRouterController.swift */ = {isa = PBXFileReference; lastKnownFileType = sourcecode.swift; path = ViewRouterController.swift; sourceTree = "<group>"; };
		1CBA3A3E288AE23E00777ADB /* NavigationBarView.swift */ = {isa = PBXFileReference; lastKnownFileType = sourcecode.swift; path = NavigationBarView.swift; sourceTree = "<group>"; };
		1CBA3A40288AE2FD00777ADB /* LearnView.swift */ = {isa = PBXFileReference; lastKnownFileType = sourcecode.swift; path = LearnView.swift; sourceTree = "<group>"; };
		1CBA3A42288AE32800777ADB /* AllExamples.swift */ = {isa = PBXFileReference; lastKnownFileType = sourcecode.swift; path = AllExamples.swift; sourceTree = "<group>"; };
		1CBA3A44288AE67800777ADB /* TutorialView.swift */ = {isa = PBXFileReference; lastKnownFileType = sourcecode.swift; path = TutorialView.swift; sourceTree = "<group>"; };
		1CBA3A46288AE78700777ADB /* NagivationBarIconView.swift */ = {isa = PBXFileReference; lastKnownFileType = sourcecode.swift; path = NagivationBarIconView.swift; sourceTree = "<group>"; };
		1CCBACEE28AE871A00D3924F /* TranslationControllerTest.swift */ = {isa = PBXFileReference; lastKnownFileType = sourcecode.swift; path = TranslationControllerTest.swift; sourceTree = "<group>"; };
		1CCDE84C28A56BFE0052037C /* LearnArticles.swift */ = {isa = PBXFileReference; lastKnownFileType = sourcecode.swift; path = LearnArticles.swift; sourceTree = "<group>"; };
		1CD36C6028B2314000653348 /* 0.mp3 */ = {isa = PBXFileReference; lastKnownFileType = audio.mp3; path = 0.mp3; sourceTree = "<group>"; };
		1CD36C6228B236B700653348 /* AddNewExampleView.swift */ = {isa = PBXFileReference; lastKnownFileType = sourcecode.swift; path = AddNewExampleView.swift; sourceTree = "<group>"; };
		1CD36C6428B2415000653348 /* ExampleView.swift */ = {isa = PBXFileReference; lastKnownFileType = sourcecode.swift; path = ExampleView.swift; sourceTree = "<group>"; };
		1CE739A32867053100148371 /* Chebravo.app */ = {isa = PBXFileReference; explicitFileType = wrapper.application; includeInIndex = 0; path = Chebravo.app; sourceTree = BUILT_PRODUCTS_DIR; };
		1CE739A62867053100148371 /* ChebravoApp.swift */ = {isa = PBXFileReference; lastKnownFileType = sourcecode.swift; path = ChebravoApp.swift; sourceTree = "<group>"; };
		1CE739AA2867053200148371 /* Assets.xcassets */ = {isa = PBXFileReference; lastKnownFileType = folder.assetcatalog; path = Assets.xcassets; sourceTree = "<group>"; };
		1CE739AD2867053200148371 /* Preview Assets.xcassets */ = {isa = PBXFileReference; lastKnownFileType = folder.assetcatalog; path = "Preview Assets.xcassets"; sourceTree = "<group>"; };
		1CF6AD8D2868BA97008BA670 /* Word.xcdatamodel */ = {isa = PBXFileReference; lastKnownFileType = wrapper.xcdatamodel; path = Word.xcdatamodel; sourceTree = "<group>"; };
/* End PBXFileReference section */

/* Begin PBXFrameworksBuildPhase section */
		1C0DEC892879B6410071BEC7 /* Frameworks */ = {
			isa = PBXFrameworksBuildPhase;
			buildActionMask = 2147483647;
			files = (
			);
			runOnlyForDeploymentPostprocessing = 0;
		};
		1CE739A02867053100148371 /* Frameworks */ = {
			isa = PBXFrameworksBuildPhase;
			buildActionMask = 2147483647;
			files = (
			);
			runOnlyForDeploymentPostprocessing = 0;
		};
/* End PBXFrameworksBuildPhase section */

/* Begin PBXGroup section */
		1C0245A6286B66BE00AD2A5A /* Model */ = {
			isa = PBXGroup;
			children = (
				1CAEE4A82870F0F9007CAD1F /* TranslationResponse.swift */,
			);
			path = Model;
			sourceTree = "<group>";
		};
		1C0DEC8D2879B6410071BEC7 /* ChebravoTests */ = {
			isa = PBXGroup;
			children = (
				1C0DEC8E2879B6410071BEC7 /* ChebravoTests.swift */,
				1C0DEC952879B71D0071BEC7 /* ContextControllerTest.swift */,
				1CCBACEE28AE871A00D3924F /* TranslationControllerTest.swift */,
			);
			path = ChebravoTests;
			sourceTree = "<group>";
		};
		1C207C822869F87F00847EB2 /* CoreData */ = {
			isa = PBXGroup;
			children = (
				1C207C832869F89A00847EB2 /* CoreDataController.swift */,
			);
			path = CoreData;
			sourceTree = "<group>";
		};
		1C207C852869FA7F00847EB2 /* ViewControllers */ = {
			isa = PBXGroup;
			children = (
				1CBA3A3C288AE0F400777ADB /* ViewRouterController.swift */,
				1C207C862869FAA300847EB2 /* ContextController.swift */,
				1CAEE4A42870DAE0007CAD1F /* TranslationController.swift */,
				1C82617C28A6DC3600F77977 /* AudioController.swift */,
			);
			path = ViewControllers;
			sourceTree = "<group>";
		};
		1C4B549E2869DF1200D940CB /* UIComponents */ = {
			isa = PBXGroup;
			children = (
				1C401EFB286F8AF400827BFB /* WordComponents.swift */,
				1C401EFD286F8FAB00827BFB /* VerbViewSettings.swift */,
				1CBA3A3E288AE23E00777ADB /* NavigationBarView.swift */,
				1CBA3A46288AE78700777ADB /* NagivationBarIconView.swift */,
			);
			path = UIComponents;
			sourceTree = "<group>";
		};
		1C5C6AFC28689B2F00609B38 /* Views */ = {
			isa = PBXGroup;
			children = (
				1C6FDD45288C6B12001A41E0 /* Learn */,
				1C4B549E2869DF1200D940CB /* UIComponents */,
				1C5C6AF82868789300609B38 /* SplashView.swift */,
				1C99542628689C6700C6B839 /* AllWords.swift */,
				1C807442288BF8A000E44F49 /* SettingsView.swift */,
				1CBA3A44288AE67800777ADB /* TutorialView.swift */,
				1C99542828689E3100C6B839 /* VerbView.swift */,
				1CBA3A42288AE32800777ADB /* AllExamples.swift */,
				1CD36C6428B2415000653348 /* ExampleView.swift */,
				1CD36C6228B236B700653348 /* AddNewExampleView.swift */,
			);
			path = Views;
			sourceTree = "<group>";
		};
		1C6FDD45288C6B12001A41E0 /* Learn */ = {
			isa = PBXGroup;
			children = (
				1CBA3A40288AE2FD00777ADB /* LearnView.swift */,
				1CCDE84C28A56BFE0052037C /* LearnArticles.swift */,
				1C6FDD46288C6BBE001A41E0 /* LearnNumbers.swift */,
				1C6FDD48288C6BCC001A41E0 /* ILearning.swift */,
			);
			path = Learn;
			sourceTree = "<group>";
		};
		1C82617E28A6E03400F77977 /* Audio */ = {
			isa = PBXGroup;
			children = (
				1CD36C6028B2314000653348 /* 0.mp3 */,
				1CA9FE3928B02F570066A8A2 /* 1.mp3 */,
				1CA9FE3E28B02F570066A8A2 /* 2.mp3 */,
				1CA9FE3828B02F570066A8A2 /* 3.mp3 */,
				1CA9FE5028B02F580066A8A2 /* 4.mp3 */,
				1CA9FE3528B02F570066A8A2 /* 5.mp3 */,
				1CA9FE4428B02F570066A8A2 /* 6.mp3 */,
				1CA9FE3B28B02F570066A8A2 /* 7.mp3 */,
				1CA9FE4C28B02F580066A8A2 /* 8.mp3 */,
				1CA9FE4328B02F570066A8A2 /* 9.mp3 */,
				1CA9FE4928B02F580066A8A2 /* 10.mp3 */,
				1CA9FE3428B02F570066A8A2 /* 11.mp3 */,
				1CA9FE3728B02F570066A8A2 /* 12.mp3 */,
				1CA9FE5628B02F580066A8A2 /* 13.mp3 */,
				1CA9FE5828B02F580066A8A2 /* 14.mp3 */,
				1CA9FE4F28B02F580066A8A2 /* 15.mp3 */,
				1CA9FE4D28B02F580066A8A2 /* 16.mp3 */,
				1CA9FE4828B02F580066A8A2 /* 17.mp3 */,
				1CA9FE5328B02F580066A8A2 /* 18.mp3 */,
				1CA9FE4528B02F570066A8A2 /* 19.mp3 */,
				1CA9FE5928B02F580066A8A2 /* 20.mp3 */,
				1CA9FE3F28B02F570066A8A2 /* 21.mp3 */,
				1CA9FE3A28B02F570066A8A2 /* 22.mp3 */,
				1CA9FE4E28B02F580066A8A2 /* 23.mp3 */,
				1CA9FE4028B02F570066A8A2 /* 24.mp3 */,
				1CA9FE5A28B02F580066A8A2 /* 25.mp3 */,
				1CA9FE3C28B02F570066A8A2 /* 26.mp3 */,
				1CA9FE5C28B02F580066A8A2 /* 27.mp3 */,
				1CA9FE4628B02F570066A8A2 /* 28.mp3 */,
				1CA9FE4728B02F570066A8A2 /* 29.mp3 */,
				1CA9FE3628B02F570066A8A2 /* 30.mp3 */,
				1CA9FE5D28B02F580066A8A2 /* 40.mp3 */,
				1CA9FE5B28B02F580066A8A2 /* 50.mp3 */,
				1CA9FE3328B02F570066A8A2 /* 60.mp3 */,
				1CA9FE4128B02F570066A8A2 /* 70.mp3 */,
				1CA9FE5728B02F580066A8A2 /* 80.mp3 */,
				1CA9FE4A28B02F580066A8A2 /* 90.mp3 */,
				1CA9FE4228B02F570066A8A2 /* 100.mp3 */,
				1CA9FE5428B02F580066A8A2 /* 1000.mp3 */,
				1CA9FE4B28B02F580066A8A2 /* 2000.mp3 */,
				1CA9FE5128B02F580066A8A2 /* 1mil.mp3 */,
				1C79585228A6E188008BBC36 /* Due.m4a */,
				1C79585028A6E188008BBC36 /* Tre.m4a */,
				1C79585328A6E188008BBC36 /* Uno.m4a */,
			);
			path = Audio;
			sourceTree = "<group>";
		};
		1CE7399A2867053100148371 = {
			isa = PBXGroup;
			children = (
				1CE739A52867053100148371 /* Chebravo */,
				1C0DEC8D2879B6410071BEC7 /* ChebravoTests */,
				1CE739A42867053100148371 /* Products */,
			);
			sourceTree = "<group>";
		};
		1CE739A42867053100148371 /* Products */ = {
			isa = PBXGroup;
			children = (
				1CE739A32867053100148371 /* Chebravo.app */,
				1C0DEC8C2879B6410071BEC7 /* ChebravoTests.xctest */,
			);
			name = Products;
			sourceTree = "<group>";
		};
		1CE739A52867053100148371 /* Chebravo */ = {
			isa = PBXGroup;
			children = (
				1C82617E28A6E03400F77977 /* Audio */,
				1CE739A62867053100148371 /* ChebravoApp.swift */,
				1C9CB421286C20090082ECB8 /* Extensions.swift */,
				1CAEE4A62870DEA2007CAD1F /* APIKey.swift */,
				1C0245A6286B66BE00AD2A5A /* Model */,
				1C207C852869FA7F00847EB2 /* ViewControllers */,
				1C207C822869F87F00847EB2 /* CoreData */,
				1CF6AD8C2868BA97008BA670 /* WordCore.xcdatamodeld */,
				1C5C6AFC28689B2F00609B38 /* Views */,
				1CE739AA2867053200148371 /* Assets.xcassets */,
				1CE739AC2867053200148371 /* Preview Content */,
			);
			path = Chebravo;
			sourceTree = "<group>";
		};
		1CE739AC2867053200148371 /* Preview Content */ = {
			isa = PBXGroup;
			children = (
				1CE739AD2867053200148371 /* Preview Assets.xcassets */,
			);
			path = "Preview Content";
			sourceTree = "<group>";
		};
/* End PBXGroup section */

/* Begin PBXNativeTarget section */
		1C0DEC8B2879B6410071BEC7 /* ChebravoTests */ = {
			isa = PBXNativeTarget;
			buildConfigurationList = 1C0DEC942879B6410071BEC7 /* Build configuration list for PBXNativeTarget "ChebravoTests" */;
			buildPhases = (
				1C0DEC882879B6410071BEC7 /* Sources */,
				1C0DEC892879B6410071BEC7 /* Frameworks */,
				1C0DEC8A2879B6410071BEC7 /* Resources */,
			);
			buildRules = (
			);
			dependencies = (
				1C0DEC912879B6410071BEC7 /* PBXTargetDependency */,
			);
			name = ChebravoTests;
			productName = ChebravoTests;
			productReference = 1C0DEC8C2879B6410071BEC7 /* ChebravoTests.xctest */;
			productType = "com.apple.product-type.bundle.unit-test";
		};
		1CE739A22867053100148371 /* Chebravo */ = {
			isa = PBXNativeTarget;
			buildConfigurationList = 1CE739B12867053200148371 /* Build configuration list for PBXNativeTarget "Chebravo" */;
			buildPhases = (
				1CE7399F2867053100148371 /* Sources */,
				1CE739A02867053100148371 /* Frameworks */,
				1CE739A12867053100148371 /* Resources */,
				1C5C6AFB28689AC600609B38 /* ShellScript */,
			);
			buildRules = (
			);
			dependencies = (
			);
			name = Chebravo;
			productName = Chebravo;
			productReference = 1CE739A32867053100148371 /* Chebravo.app */;
			productType = "com.apple.product-type.application";
		};
/* End PBXNativeTarget section */

/* Begin PBXProject section */
		1CE7399B2867053100148371 /* Project object */ = {
			isa = PBXProject;
			attributes = {
				BuildIndependentTargetsInParallel = 1;
				LastSwiftUpdateCheck = 1330;
				LastUpgradeCheck = 1330;
				TargetAttributes = {
					1C0DEC8B2879B6410071BEC7 = {
						CreatedOnToolsVersion = 13.3.1;
						TestTargetID = 1CE739A22867053100148371;
					};
					1CE739A22867053100148371 = {
						CreatedOnToolsVersion = 13.3.1;
					};
				};
			};
			buildConfigurationList = 1CE7399E2867053100148371 /* Build configuration list for PBXProject "Chebravo" */;
			compatibilityVersion = "Xcode 13.0";
			developmentRegion = en;
			hasScannedForEncodings = 0;
			knownRegions = (
				en,
				Base,
			);
			mainGroup = 1CE7399A2867053100148371;
			productRefGroup = 1CE739A42867053100148371 /* Products */;
			projectDirPath = "";
			projectRoot = "";
			targets = (
				1CE739A22867053100148371 /* Chebravo */,
				1C0DEC8B2879B6410071BEC7 /* ChebravoTests */,
			);
		};
/* End PBXProject section */

/* Begin PBXResourcesBuildPhase section */
		1C0DEC8A2879B6410071BEC7 /* Resources */ = {
			isa = PBXResourcesBuildPhase;
			buildActionMask = 2147483647;
			files = (
			);
			runOnlyForDeploymentPostprocessing = 0;
		};
		1CE739A12867053100148371 /* Resources */ = {
			isa = PBXResourcesBuildPhase;
			buildActionMask = 2147483647;
			files = (
				1CA9FE7128B02F580066A8A2 /* 28.mp3 in Resources */,
				1CA9FE6E28B02F580066A8A2 /* 9.mp3 in Resources */,
				1CA9FE6728B02F580066A8A2 /* 26.mp3 in Resources */,
				1CA9FE6528B02F580066A8A2 /* 22.mp3 in Resources */,
				1CA9FE7728B02F580066A8A2 /* 8.mp3 in Resources */,
				1CA9FE7528B02F580066A8A2 /* 90.mp3 in Resources */,
				1CA9FE8428B02F580066A8A2 /* 20.mp3 in Resources */,
				1CA9FE6428B02F580066A8A2 /* 1.mp3 in Resources */,
				1CA9FE8828B02F580066A8A2 /* 40.mp3 in Resources */,
				1CA9FE7428B02F580066A8A2 /* 10.mp3 in Resources */,
				1CA9FE6328B02F580066A8A2 /* 3.mp3 in Resources */,
				1CA9FE7F28B02F580066A8A2 /* 1000.mp3 in Resources */,
				1CA9FE7C28B02F580066A8A2 /* 1mil.mp3 in Resources */,
				1CA9FE8228B02F580066A8A2 /* 80.mp3 in Resources */,
				1CA9FE8128B02F580066A8A2 /* 13.mp3 in Resources */,
				1CA9FE6028B02F580066A8A2 /* 5.mp3 in Resources */,
				1CA9FE7828B02F580066A8A2 /* 16.mp3 in Resources */,
				1CA9FE7A28B02F580066A8A2 /* 15.mp3 in Resources */,
				1CA9FE6D28B02F580066A8A2 /* 100.mp3 in Resources */,
				1C79585628A6E188008BBC36 /* Due.m4a in Resources */,
				1CA9FE7628B02F580066A8A2 /* 2000.mp3 in Resources */,
				1CA9FE8328B02F580066A8A2 /* 14.mp3 in Resources */,
				1CA9FE6F28B02F580066A8A2 /* 6.mp3 in Resources */,
				1C79585428A6E188008BBC36 /* Tre.m4a in Resources */,
				1CA9FE7B28B02F580066A8A2 /* 4.mp3 in Resources */,
				1CA9FE6628B02F580066A8A2 /* 7.mp3 in Resources */,
				1CA9FE8728B02F580066A8A2 /* 27.mp3 in Resources */,
				1CA9FE7228B02F580066A8A2 /* 29.mp3 in Resources */,
				1CA9FE6B28B02F580066A8A2 /* 24.mp3 in Resources */,
				1CA9FE5F28B02F580066A8A2 /* 11.mp3 in Resources */,
				1CA9FE7E28B02F580066A8A2 /* 18.mp3 in Resources */,
				1CA9FE7328B02F580066A8A2 /* 17.mp3 in Resources */,
				1CD36C6128B2314000653348 /* 0.mp3 in Resources */,
				1CA9FE7028B02F580066A8A2 /* 19.mp3 in Resources */,
				1CA9FE6128B02F580066A8A2 /* 30.mp3 in Resources */,
				1CA9FE8628B02F580066A8A2 /* 50.mp3 in Resources */,
				1CA9FE6928B02F580066A8A2 /* 2.mp3 in Resources */,
				1CA9FE6228B02F580066A8A2 /* 12.mp3 in Resources */,
				1CE739AE2867053200148371 /* Preview Assets.xcassets in Resources */,
				1CA9FE6C28B02F580066A8A2 /* 70.mp3 in Resources */,
				1C79585728A6E188008BBC36 /* Uno.m4a in Resources */,
				1CA9FE8528B02F580066A8A2 /* 25.mp3 in Resources */,
				1CA9FE5E28B02F580066A8A2 /* 60.mp3 in Resources */,
				1CA9FE7928B02F580066A8A2 /* 23.mp3 in Resources */,
				1CE739AB2867053200148371 /* Assets.xcassets in Resources */,
				1CA9FE6A28B02F580066A8A2 /* 21.mp3 in Resources */,
			);
			runOnlyForDeploymentPostprocessing = 0;
		};
/* End PBXResourcesBuildPhase section */

/* Begin PBXShellScriptBuildPhase section */
		1C5C6AFB28689AC600609B38 /* ShellScript */ = {
			isa = PBXShellScriptBuildPhase;
			buildActionMask = 2147483647;
			files = (
			);
			inputFileListPaths = (
			);
			inputPaths = (
			);
			outputFileListPaths = (
			);
			outputPaths = (
			);
			runOnlyForDeploymentPostprocessing = 0;
			shellPath = /bin/sh;
			shellScript = "# Type a script or drag a script file from your workspace to insert its path.\nTAGS=\"TODO:|FIXME:\"\nERRORTAG=\"ERROR:\"\nfind \"${SRCROOT}\" \\( -name \"*.h\" -or -name \"*.m\" -or -name \"*.swift\" \\) -print0 | xargs -0 egrep --with-filename --line-number --only-matching \"($TAGS).*\\$|($ERRORTAG).*\\$\" | perl -p -e \"s/($TAGS)/ warning: \\$1/\" | perl -p -e \"s/($ERRORTAG)/ error: \\$1/\"\n";
		};
/* End PBXShellScriptBuildPhase section */

/* Begin PBXSourcesBuildPhase section */
		1C0DEC882879B6410071BEC7 /* Sources */ = {
			isa = PBXSourcesBuildPhase;
			buildActionMask = 2147483647;
			files = (
				1C0DEC8F2879B6410071BEC7 /* ChebravoTests.swift in Sources */,
				1CCBACEF28AE871A00D3924F /* TranslationControllerTest.swift in Sources */,
				1C0DEC962879B71D0071BEC7 /* ContextControllerTest.swift in Sources */,
			);
			runOnlyForDeploymentPostprocessing = 0;
		};
		1CE7399F2867053100148371 /* Sources */ = {
			isa = PBXSourcesBuildPhase;
			buildActionMask = 2147483647;
			files = (
				1C807443288BF8A000E44F49 /* SettingsView.swift in Sources */,
				1CF6AD8E2868BA97008BA670 /* WordCore.xcdatamodeld in Sources */,
				1CAEE4A92870F0F9007CAD1F /* TranslationResponse.swift in Sources */,
				1C6FDD47288C6BBE001A41E0 /* LearnNumbers.swift in Sources */,
				1C9CB422286C20090082ECB8 /* Extensions.swift in Sources */,
				1CAEE4A52870DAE0007CAD1F /* TranslationController.swift in Sources */,
				1CBA3A43288AE32800777ADB /* AllExamples.swift in Sources */,
				1CBA3A45288AE67800777ADB /* TutorialView.swift in Sources */,
				1CBA3A3D288AE0F400777ADB /* ViewRouterController.swift in Sources */,
				1C207C872869FAA300847EB2 /* ContextController.swift in Sources */,
				1CBA3A41288AE2FD00777ADB /* LearnView.swift in Sources */,
				1C207C842869F89A00847EB2 /* CoreDataController.swift in Sources */,
				1C82617D28A6DC3600F77977 /* AudioController.swift in Sources */,
				1C99542928689E3100C6B839 /* VerbView.swift in Sources */,
				1CAEE4A72870DEA2007CAD1F /* APIKey.swift in Sources */,
				1CBA3A47288AE78700777ADB /* NagivationBarIconView.swift in Sources */,
				1CBA3A3F288AE23E00777ADB /* NavigationBarView.swift in Sources */,
				1C99542728689C6700C6B839 /* AllWords.swift in Sources */,
				1C401EFC286F8AF400827BFB /* WordComponents.swift in Sources */,
				1CD36C6328B236B700653348 /* AddNewExampleView.swift in Sources */,
				1C401EFE286F8FAB00827BFB /* VerbViewSettings.swift in Sources */,
				1CE739A72867053100148371 /* ChebravoApp.swift in Sources */,
				1C6FDD49288C6BCC001A41E0 /* ILearning.swift in Sources */,
				1C5C6AF92868789300609B38 /* SplashView.swift in Sources */,
				1CCDE84D28A56BFE0052037C /* LearnArticles.swift in Sources */,
				1CD36C6528B2415000653348 /* ExampleView.swift in Sources */,
			);
			runOnlyForDeploymentPostprocessing = 0;
		};
/* End PBXSourcesBuildPhase section */

/* Begin PBXTargetDependency section */
		1C0DEC912879B6410071BEC7 /* PBXTargetDependency */ = {
			isa = PBXTargetDependency;
			target = 1CE739A22867053100148371 /* Chebravo */;
			targetProxy = 1C0DEC902879B6410071BEC7 /* PBXContainerItemProxy */;
		};
/* End PBXTargetDependency section */

/* Begin XCBuildConfiguration section */
		1C0DEC922879B6410071BEC7 /* Debug */ = {
			isa = XCBuildConfiguration;
			buildSettings = {
				BUNDLE_LOADER = "$(TEST_HOST)";
				CODE_SIGN_STYLE = Automatic;
				CURRENT_PROJECT_VERSION = 1;
				DEVELOPMENT_TEAM = R5R4TG65JY;
				GENERATE_INFOPLIST_FILE = YES;
				MARKETING_VERSION = 1.0;
				PRODUCT_BUNDLE_IDENTIFIER = Phil.ChebravoTests;
				PRODUCT_NAME = "$(TARGET_NAME)";
				SWIFT_EMIT_LOC_STRINGS = NO;
				SWIFT_VERSION = 5.0;
				TARGETED_DEVICE_FAMILY = "1,2";
				TEST_HOST = "$(BUILT_PRODUCTS_DIR)/Chebravo.app/Chebravo";
			};
			name = Debug;
		};
		1C0DEC932879B6410071BEC7 /* Release */ = {
			isa = XCBuildConfiguration;
			buildSettings = {
				BUNDLE_LOADER = "$(TEST_HOST)";
				CODE_SIGN_STYLE = Automatic;
				CURRENT_PROJECT_VERSION = 1;
				DEVELOPMENT_TEAM = R5R4TG65JY;
				GENERATE_INFOPLIST_FILE = YES;
				MARKETING_VERSION = 1.0;
				PRODUCT_BUNDLE_IDENTIFIER = Phil.ChebravoTests;
				PRODUCT_NAME = "$(TARGET_NAME)";
				SWIFT_EMIT_LOC_STRINGS = NO;
				SWIFT_VERSION = 5.0;
				TARGETED_DEVICE_FAMILY = "1,2";
				TEST_HOST = "$(BUILT_PRODUCTS_DIR)/Chebravo.app/Chebravo";
			};
			name = Release;
		};
		1CE739AF2867053200148371 /* Debug */ = {
			isa = XCBuildConfiguration;
			buildSettings = {
				ALWAYS_SEARCH_USER_PATHS = NO;
				CLANG_ANALYZER_NONNULL = YES;
				CLANG_ANALYZER_NUMBER_OBJECT_CONVERSION = YES_AGGRESSIVE;
				CLANG_CXX_LANGUAGE_STANDARD = "gnu++17";
				CLANG_ENABLE_MODULES = YES;
				CLANG_ENABLE_OBJC_ARC = YES;
				CLANG_ENABLE_OBJC_WEAK = YES;
				CLANG_WARN_BLOCK_CAPTURE_AUTORELEASING = YES;
				CLANG_WARN_BOOL_CONVERSION = YES;
				CLANG_WARN_COMMA = YES;
				CLANG_WARN_CONSTANT_CONVERSION = YES;
				CLANG_WARN_DEPRECATED_OBJC_IMPLEMENTATIONS = YES;
				CLANG_WARN_DIRECT_OBJC_ISA_USAGE = YES_ERROR;
				CLANG_WARN_DOCUMENTATION_COMMENTS = YES;
				CLANG_WARN_EMPTY_BODY = YES;
				CLANG_WARN_ENUM_CONVERSION = YES;
				CLANG_WARN_INFINITE_RECURSION = YES;
				CLANG_WARN_INT_CONVERSION = YES;
				CLANG_WARN_NON_LITERAL_NULL_CONVERSION = YES;
				CLANG_WARN_OBJC_IMPLICIT_RETAIN_SELF = YES;
				CLANG_WARN_OBJC_LITERAL_CONVERSION = YES;
				CLANG_WARN_OBJC_ROOT_CLASS = YES_ERROR;
				CLANG_WARN_QUOTED_INCLUDE_IN_FRAMEWORK_HEADER = YES;
				CLANG_WARN_RANGE_LOOP_ANALYSIS = YES;
				CLANG_WARN_STRICT_PROTOTYPES = YES;
				CLANG_WARN_SUSPICIOUS_MOVE = YES;
				CLANG_WARN_UNGUARDED_AVAILABILITY = YES_AGGRESSIVE;
				CLANG_WARN_UNREACHABLE_CODE = YES;
				CLANG_WARN__DUPLICATE_METHOD_MATCH = YES;
				COPY_PHASE_STRIP = NO;
				DEBUG_INFORMATION_FORMAT = dwarf;
				ENABLE_STRICT_OBJC_MSGSEND = YES;
				ENABLE_TESTABILITY = YES;
				GCC_C_LANGUAGE_STANDARD = gnu11;
				GCC_DYNAMIC_NO_PIC = NO;
				GCC_NO_COMMON_BLOCKS = YES;
				GCC_OPTIMIZATION_LEVEL = 0;
				GCC_PREPROCESSOR_DEFINITIONS = (
					"DEBUG=1",
					"$(inherited)",
				);
				GCC_WARN_64_TO_32_BIT_CONVERSION = YES;
				GCC_WARN_ABOUT_RETURN_TYPE = YES_ERROR;
				GCC_WARN_UNDECLARED_SELECTOR = YES;
				GCC_WARN_UNINITIALIZED_AUTOS = YES_AGGRESSIVE;
				GCC_WARN_UNUSED_FUNCTION = YES;
				GCC_WARN_UNUSED_VARIABLE = YES;
				INFOPLIST_KEY_UILaunchScreen_Generation = NO;
				INFOPLIST_KEY_UILaunchStoryboardName = "";
				IPHONEOS_DEPLOYMENT_TARGET = 15.0;
				MTL_ENABLE_DEBUG_INFO = INCLUDE_SOURCE;
				MTL_FAST_MATH = YES;
				ONLY_ACTIVE_ARCH = YES;
				PROVISIONING_PROFILE_SPECIFIER = "";
				SDKROOT = iphoneos;
				SWIFT_ACTIVE_COMPILATION_CONDITIONS = DEBUG;
				SWIFT_OPTIMIZATION_LEVEL = "-Onone";
			};
			name = Debug;
		};
		1CE739B02867053200148371 /* Release */ = {
			isa = XCBuildConfiguration;
			buildSettings = {
				ALWAYS_SEARCH_USER_PATHS = NO;
				CLANG_ANALYZER_NONNULL = YES;
				CLANG_ANALYZER_NUMBER_OBJECT_CONVERSION = YES_AGGRESSIVE;
				CLANG_CXX_LANGUAGE_STANDARD = "gnu++17";
				CLANG_ENABLE_MODULES = YES;
				CLANG_ENABLE_OBJC_ARC = YES;
				CLANG_ENABLE_OBJC_WEAK = YES;
				CLANG_WARN_BLOCK_CAPTURE_AUTORELEASING = YES;
				CLANG_WARN_BOOL_CONVERSION = YES;
				CLANG_WARN_COMMA = YES;
				CLANG_WARN_CONSTANT_CONVERSION = YES;
				CLANG_WARN_DEPRECATED_OBJC_IMPLEMENTATIONS = YES;
				CLANG_WARN_DIRECT_OBJC_ISA_USAGE = YES_ERROR;
				CLANG_WARN_DOCUMENTATION_COMMENTS = YES;
				CLANG_WARN_EMPTY_BODY = YES;
				CLANG_WARN_ENUM_CONVERSION = YES;
				CLANG_WARN_INFINITE_RECURSION = YES;
				CLANG_WARN_INT_CONVERSION = YES;
				CLANG_WARN_NON_LITERAL_NULL_CONVERSION = YES;
				CLANG_WARN_OBJC_IMPLICIT_RETAIN_SELF = YES;
				CLANG_WARN_OBJC_LITERAL_CONVERSION = YES;
				CLANG_WARN_OBJC_ROOT_CLASS = YES_ERROR;
				CLANG_WARN_QUOTED_INCLUDE_IN_FRAMEWORK_HEADER = YES;
				CLANG_WARN_RANGE_LOOP_ANALYSIS = YES;
				CLANG_WARN_STRICT_PROTOTYPES = YES;
				CLANG_WARN_SUSPICIOUS_MOVE = YES;
				CLANG_WARN_UNGUARDED_AVAILABILITY = YES_AGGRESSIVE;
				CLANG_WARN_UNREACHABLE_CODE = YES;
				CLANG_WARN__DUPLICATE_METHOD_MATCH = YES;
				COPY_PHASE_STRIP = NO;
				DEBUG_INFORMATION_FORMAT = "dwarf-with-dsym";
				ENABLE_NS_ASSERTIONS = NO;
				ENABLE_STRICT_OBJC_MSGSEND = YES;
				GCC_C_LANGUAGE_STANDARD = gnu11;
				GCC_NO_COMMON_BLOCKS = YES;
				GCC_WARN_64_TO_32_BIT_CONVERSION = YES;
				GCC_WARN_ABOUT_RETURN_TYPE = YES_ERROR;
				GCC_WARN_UNDECLARED_SELECTOR = YES;
				GCC_WARN_UNINITIALIZED_AUTOS = YES_AGGRESSIVE;
				GCC_WARN_UNUSED_FUNCTION = YES;
				GCC_WARN_UNUSED_VARIABLE = YES;
				INFOPLIST_KEY_UILaunchScreen_Generation = NO;
				INFOPLIST_KEY_UILaunchStoryboardName = "";
				IPHONEOS_DEPLOYMENT_TARGET = 15.0;
				MTL_ENABLE_DEBUG_INFO = NO;
				MTL_FAST_MATH = YES;
				PROVISIONING_PROFILE_SPECIFIER = "";
				SDKROOT = iphoneos;
				SWIFT_COMPILATION_MODE = wholemodule;
				SWIFT_OPTIMIZATION_LEVEL = "-O";
				VALIDATE_PRODUCT = YES;
			};
			name = Release;
		};
		1CE739B22867053200148371 /* Debug */ = {
			isa = XCBuildConfiguration;
			buildSettings = {
				ASSETCATALOG_COMPILER_APPICON_NAME = AppIcon;
				ASSETCATALOG_COMPILER_GLOBAL_ACCENT_COLOR_NAME = AccentColor;
				CODE_SIGN_IDENTITY = "Apple Development";
				CODE_SIGN_STYLE = Automatic;
				CURRENT_PROJECT_VERSION = 1;
				DEVELOPMENT_ASSET_PATHS = "\"Chebravo/Preview Content\"";
				DEVELOPMENT_TEAM = R5R4TG65JY;
				ENABLE_PREVIEWS = YES;
				GENERATE_INFOPLIST_FILE = YES;
				INFOPLIST_KEY_UIApplicationSceneManifest_Generation = YES;
				INFOPLIST_KEY_UIApplicationSupportsIndirectInputEvents = YES;
				INFOPLIST_KEY_UILaunchScreen_Generation = YES;
				INFOPLIST_KEY_UISupportedInterfaceOrientations_iPad = "UIInterfaceOrientationPortrait UIInterfaceOrientationPortraitUpsideDown UIInterfaceOrientationLandscapeLeft UIInterfaceOrientationLandscapeRight";
				INFOPLIST_KEY_UISupportedInterfaceOrientations_iPhone = "UIInterfaceOrientationPortrait UIInterfaceOrientationLandscapeLeft UIInterfaceOrientationLandscapeRight";
				LD_RUNPATH_SEARCH_PATHS = (
					"$(inherited)",
					"@executable_path/Frameworks",
				);
				MARKETING_VERSION = 1.0;
				PRODUCT_BUNDLE_IDENTIFIER = Phil.Chebravo;
				PRODUCT_NAME = "$(TARGET_NAME)";
				PROVISIONING_PROFILE_SPECIFIER = "";
				SWIFT_EMIT_LOC_STRINGS = YES;
				SWIFT_VERSION = 5.0;
				TARGETED_DEVICE_FAMILY = 1;
			};
			name = Debug;
		};
		1CE739B32867053200148371 /* Release */ = {
			isa = XCBuildConfiguration;
			buildSettings = {
				ASSETCATALOG_COMPILER_APPICON_NAME = AppIcon;
				ASSETCATALOG_COMPILER_GLOBAL_ACCENT_COLOR_NAME = AccentColor;
				CODE_SIGN_IDENTITY = "Apple Development";
				CODE_SIGN_STYLE = Automatic;
				CURRENT_PROJECT_VERSION = 1;
				DEVELOPMENT_ASSET_PATHS = "\"Chebravo/Preview Content\"";
				DEVELOPMENT_TEAM = R5R4TG65JY;
				ENABLE_PREVIEWS = YES;
				GENERATE_INFOPLIST_FILE = YES;
				INFOPLIST_KEY_UIApplicationSceneManifest_Generation = YES;
				INFOPLIST_KEY_UIApplicationSupportsIndirectInputEvents = YES;
				INFOPLIST_KEY_UILaunchScreen_Generation = YES;
				INFOPLIST_KEY_UISupportedInterfaceOrientations_iPad = "UIInterfaceOrientationPortrait UIInterfaceOrientationPortraitUpsideDown UIInterfaceOrientationLandscapeLeft UIInterfaceOrientationLandscapeRight";
				INFOPLIST_KEY_UISupportedInterfaceOrientations_iPhone = "UIInterfaceOrientationPortrait UIInterfaceOrientationLandscapeLeft UIInterfaceOrientationLandscapeRight";
				LD_RUNPATH_SEARCH_PATHS = (
					"$(inherited)",
					"@executable_path/Frameworks",
				);
				MARKETING_VERSION = 1.0;
				PRODUCT_BUNDLE_IDENTIFIER = Phil.Chebravo;
				PRODUCT_NAME = "$(TARGET_NAME)";
				PROVISIONING_PROFILE_SPECIFIER = "";
				SWIFT_EMIT_LOC_STRINGS = YES;
				SWIFT_VERSION = 5.0;
				TARGETED_DEVICE_FAMILY = 1;
			};
			name = Release;
		};
/* End XCBuildConfiguration section */

/* Begin XCConfigurationList section */
		1C0DEC942879B6410071BEC7 /* Build configuration list for PBXNativeTarget "ChebravoTests" */ = {
			isa = XCConfigurationList;
			buildConfigurations = (
				1C0DEC922879B6410071BEC7 /* Debug */,
				1C0DEC932879B6410071BEC7 /* Release */,
			);
			defaultConfigurationIsVisible = 0;
			defaultConfigurationName = Release;
		};
		1CE7399E2867053100148371 /* Build configuration list for PBXProject "Chebravo" */ = {
			isa = XCConfigurationList;
			buildConfigurations = (
				1CE739AF2867053200148371 /* Debug */,
				1CE739B02867053200148371 /* Release */,
			);
			defaultConfigurationIsVisible = 0;
			defaultConfigurationName = Release;
		};
		1CE739B12867053200148371 /* Build configuration list for PBXNativeTarget "Chebravo" */ = {
			isa = XCConfigurationList;
			buildConfigurations = (
				1CE739B22867053200148371 /* Debug */,
				1CE739B32867053200148371 /* Release */,
			);
			defaultConfigurationIsVisible = 0;
			defaultConfigurationName = Release;
		};
/* End XCConfigurationList section */

/* Begin XCVersionGroup section */
		1CF6AD8C2868BA97008BA670 /* WordCore.xcdatamodeld */ = {
			isa = XCVersionGroup;
			children = (
				1CF6AD8D2868BA97008BA670 /* Word.xcdatamodel */,
			);
			currentVersion = 1CF6AD8D2868BA97008BA670 /* Word.xcdatamodel */;
			path = WordCore.xcdatamodeld;
			sourceTree = "<group>";
			versionGroupType = wrapper.xcdatamodel;
		};
/* End XCVersionGroup section */
	};
	rootObject = 1CE7399B2867053100148371 /* Project object */;
}
